
Microsoft Visual Studio Solution File, Format Version 12.00
# Visual Studio 15
VisualStudioVersion = 15.0.27428.2011
MinimumVisualStudioVersion = 10.0.40219.1
Project("{9A19103F-16F7-4668-BE54-9A1E7A4F7556}") = "Movies.WebSite", "Movies.WebSite\Movies.WebSite.csproj", "{DC66BA36-2AC7-4611-8004-109AD9E969B8}"
EndProject
Project("{9A19103F-16F7-4668-BE54-9A1E7A4F7556}") = "Movies.DAL", "Movies.DAL\Movies.DAL.csproj", "{7F72E455-8FEC-41D9-8134-54FF76B7BC0B}"
EndProject
Project("{9A19103F-16F7-4668-BE54-9A1E7A4F7556}") = "Movies.DomainModel", "Movies.DomainModel\Movies.DomainModel.csproj", "{15668DB1-87C8-49D4-BBF4-EA94AE037E83}"
EndProject
Project("{9A19103F-16F7-4668-BE54-9A1E7A4F7556}") = "Movies.DomainModel.Tests", "Movies.DomainModel.Tests\Movies.DomainModel.Tests.csproj", "{D4BEED8B-A2CD-4223-8CBC-A4FC7E93C5B1}"
EndProject
Project("{9A19103F-16F7-4668-BE54-9A1E7A4F7556}") = "Movies.WebSite.Tests", "Movies.WebSite.Tests\Movies.WebSite.Tests.csproj", "{6DFA659C-0338-4C50-85CD-738045E5ADBF}"
EndProject
Project("{2150E333-8FDC-42A3-9474-1A3956D46DE8}") = "Solution Items", "Solution Items", "{30340273-BC19-4AD0-AB86-0DED8D150E30}"
	ProjectSection(SolutionItems) = preProject
		.gitignore = .gitignore
		README.md = README.md
	EndProjectSection
EndProject
Project("{9A19103F-16F7-4668-BE54-9A1E7A4F7556}") = "Movies.SPA", "Movies.SPA\Movies.SPA.csproj", "{69494415-7F97-48C1-ACED-1A4AFAED62B7}"
EndProject
Project("{FAE04EC0-301F-11D3-BF4B-00C04F79EFBC}") = "Movies.API", "Movies.API\Movies.API.csproj", "{958CDE1F-9F67-4DB8-9552-D5519472269B}"
EndProject
Project("{FAE04EC0-301F-11D3-BF4B-00C04F79EFBC}") = "Movies.DAL.Tests", "Movies.DAL.Tests\Movies.DAL.Tests.csproj", "{541B8819-5CD6-4D75-A409-56A754BEA6F0}"
EndProject
Project("{FAE04EC0-301F-11D3-BF4B-00C04F79EFBC}") = "Movies.Models", "Movies.Models\Movies.Models.csproj", "{C0724C0C-A7C1-4327-82FF-FD264D3D55B4}"
EndProject
Project("{2150E333-8FDC-42A3-9474-1A3956D46DE8}") = "Testing", "Testing", "{63F6CD6C-2E54-418A-AD6E-A648C07855A9}"
EndProject
Global
	GlobalSection(SolutionConfigurationPlatforms) = preSolution
		Debug|Any CPU = Debug|Any CPU
		Release|Any CPU = Release|Any CPU
	EndGlobalSection
	GlobalSection(ProjectConfigurationPlatforms) = postSolution
		{DC66BA36-2AC7-4611-8004-109AD9E969B8}.Debug|Any CPU.ActiveCfg = Debug|Any CPU
		{DC66BA36-2AC7-4611-8004-109AD9E969B8}.Debug|Any CPU.Build.0 = Debug|Any CPU
		{DC66BA36-2AC7-4611-8004-109AD9E969B8}.Release|Any CPU.ActiveCfg = Release|Any CPU
		{DC66BA36-2AC7-4611-8004-109AD9E969B8}.Release|Any CPU.Build.0 = Release|Any CPU
		{7F72E455-8FEC-41D9-8134-54FF76B7BC0B}.Debug|Any CPU.ActiveCfg = Debug|Any CPU
		{7F72E455-8FEC-41D9-8134-54FF76B7BC0B}.Debug|Any CPU.Build.0 = Debug|Any CPU
		{7F72E455-8FEC-41D9-8134-54FF76B7BC0B}.Release|Any CPU.ActiveCfg = Release|Any CPU
		{7F72E455-8FEC-41D9-8134-54FF76B7BC0B}.Release|Any CPU.Build.0 = Release|Any CPU
		{15668DB1-87C8-49D4-BBF4-EA94AE037E83}.Debug|Any CPU.ActiveCfg = Debug|Any CPU
		{15668DB1-87C8-49D4-BBF4-EA94AE037E83}.Debug|Any CPU.Build.0 = Debug|Any CPU
		{15668DB1-87C8-49D4-BBF4-EA94AE037E83}.Release|Any CPU.ActiveCfg = Release|Any CPU
		{15668DB1-87C8-49D4-BBF4-EA94AE037E83}.Release|Any CPU.Build.0 = Release|Any CPU
		{D4BEED8B-A2CD-4223-8CBC-A4FC7E93C5B1}.Debug|Any CPU.ActiveCfg = Debug|Any CPU
		{D4BEED8B-A2CD-4223-8CBC-A4FC7E93C5B1}.Debug|Any CPU.Build.0 = Debug|Any CPU
		{D4BEED8B-A2CD-4223-8CBC-A4FC7E93C5B1}.Release|Any CPU.ActiveCfg = Release|Any CPU
		{D4BEED8B-A2CD-4223-8CBC-A4FC7E93C5B1}.Release|Any CPU.Build.0 = Release|Any CPU
		{6DFA659C-0338-4C50-85CD-738045E5ADBF}.Debug|Any CPU.ActiveCfg = Debug|Any CPU
		{6DFA659C-0338-4C50-85CD-738045E5ADBF}.Debug|Any CPU.Build.0 = Debug|Any CPU
		{6DFA659C-0338-4C50-85CD-738045E5ADBF}.Release|Any CPU.ActiveCfg = Release|Any CPU
		{6DFA659C-0338-4C50-85CD-738045E5ADBF}.Release|Any CPU.Build.0 = Release|Any CPU
		{69494415-7F97-48C1-ACED-1A4AFAED62B7}.Debug|Any CPU.ActiveCfg = Debug|Any CPU
		{69494415-7F97-48C1-ACED-1A4AFAED62B7}.Debug|Any CPU.Build.0 = Debug|Any CPU
		{69494415-7F97-48C1-ACED-1A4AFAED62B7}.Release|Any CPU.ActiveCfg = Release|Any CPU
		{69494415-7F97-48C1-ACED-1A4AFAED62B7}.Release|Any CPU.Build.0 = Release|Any CPU
		{958CDE1F-9F67-4DB8-9552-D5519472269B}.Debug|Any CPU.ActiveCfg = Debug|Any CPU
		{958CDE1F-9F67-4DB8-9552-D5519472269B}.Debug|Any CPU.Build.0 = Debug|Any CPU
		{958CDE1F-9F67-4DB8-9552-D5519472269B}.Release|Any CPU.ActiveCfg = Release|Any CPU
		{958CDE1F-9F67-4DB8-9552-D5519472269B}.Release|Any CPU.Build.0 = Release|Any CPU
		{541B8819-5CD6-4D75-A409-56A754BEA6F0}.Debug|Any CPU.ActiveCfg = Debug|Any CPU
		{541B8819-5CD6-4D75-A409-56A754BEA6F0}.Debug|Any CPU.Build.0 = Debug|Any CPU
		{541B8819-5CD6-4D75-A409-56A754BEA6F0}.Release|Any CPU.ActiveCfg = Release|Any CPU
		{541B8819-5CD6-4D75-A409-56A754BEA6F0}.Release|Any CPU.Build.0 = Release|Any CPU
		{C0724C0C-A7C1-4327-82FF-FD264D3D55B4}.Debug|Any CPU.ActiveCfg = Debug|Any CPU
		{C0724C0C-A7C1-4327-82FF-FD264D3D55B4}.Debug|Any CPU.Build.0 = Debug|Any CPU
		{C0724C0C-A7C1-4327-82FF-FD264D3D55B4}.Release|Any CPU.ActiveCfg = Release|Any CPU
		{C0724C0C-A7C1-4327-82FF-FD264D3D55B4}.Release|Any CPU.Build.0 = Release|Any CPU
	EndGlobalSection
	GlobalSection(SolutionProperties) = preSolution
		HideSolutionNode = FALSE
	EndGlobalSection
	GlobalSection(NestedProjects) = preSolution
		{D4BEED8B-A2CD-4223-8CBC-A4FC7E93C5B1} = {63F6CD6C-2E54-418A-AD6E-A648C07855A9}
		{6DFA659C-0338-4C50-85CD-738045E5ADBF} = {63F6CD6C-2E54-418A-AD6E-A648C07855A9}
		{541B8819-5CD6-4D75-A409-56A754BEA6F0} = {63F6CD6C-2E54-418A-AD6E-A648C07855A9}
	EndGlobalSection
	GlobalSection(ExtensibilityGlobals) = postSolution
		SolutionGuid = {724107FD-C30B-44A8-B3C7-1B4C0D8F5ED9}
	EndGlobalSection
EndGlobal
